
Microsoft Visual Studio Solution File, Format Version 12.00
# Visual Studio Version 17
VisualStudioVersion = 17.2.32616.157
MinimumVisualStudioVersion = 10.0.40219.1
Project("{FAE04EC0-301F-11D3-BF4B-00C04F79EFBC}") = "CI", "CI.csproj", "{B2046963-12F4-4223-BF07-F8F33A3301F8}"
EndProject
Global
	GlobalSection(SolutionConfigurationPlatforms) = preSolution
		Debug|Any CPU = Debug|Any CPU
		Release|Any CPU = Release|Any CPU
	EndGlobalSection
	GlobalSection(ProjectConfigurationPlatforms) = postSolution
		{B2046963-12F4-4223-BF07-F8F33A3301F8}.Debug|Any CPU.ActiveCfg = Debug|Any CPU
		{B2046963-12F4-4223-BF07-F8F33A3301F8}.Debug|Any CPU.Build.0 = Debug|Any CPU
		{B2046963-12F4-4223-BF07-F8F33A3301F8}.Release|Any CPU.ActiveCfg = Release|Any CPU
		{B2046963-12F4-4223-BF07-F8F33A3301F8}.Release|Any CPU.Build.0 = Release|Any CPU
	EndGlobalSection
	GlobalSection(SolutionProperties) = preSolution
		HideSolutionNode = FALSE
	EndGlobalSection
	GlobalSection(ExtensibilityGlobals) = postSolution
		SolutionGuid = {4F6DDC9A-F753-46D4-901E-01A01CDB205C}
	EndGlobalSection
EndGlobal
